// !$*UTF8*$!
{
    archiveVersion = 1;
    classes = {
    };
    objectVersion = 46;
    objects = {

/* Begin PBXAggregateTarget section */
		6F91AAB16F91BE6100000006 /* All */ = {
			isa = PBXAggregateTarget;
			buildConfigurationList = 6F91AAB16F91BE6100000005 /* Build configuration list for PBXAggregateTarget "All" */;
			buildPhases = (
				
			);
			dependencies = (
				6F91AAB16F91BE6100000007 /* PBXTargetDependency libpcre */,
			);
			name = All;
			productName = All;
		};
		6F91AAB16F91BE6100000009 /* Prep */ = {
			isa = PBXAggregateTarget;
			buildConfigurationList = 6F91AAB16F91BE6100000008 /* Build configuration list for PBXAggregateTarget "Prep" */;
			buildPhases = (
				6F91AAB16F91BE610000000A,
			);
			dependencies = (
			);
			name = Prep;
			productName = Prep;
		};
/* End PBXAggregateTarget section */

/* Begin PBXBuildFile section */
		6F91AAB16F91BE610000000B /* pcre_chartables.c in Sources */ = {isa = PBXBuildFile; fileRef = 6F91AAB16F91BE610000000C /* pcre_chartables.c */; };
		6F91AAB16F91BE610000000D /* pcre_compile.c in Sources */ = {isa = PBXBuildFile; fileRef = 6F91AAB16F91BE610000000E /* pcre_compile.c */; };
		6F91AAB16F91BE610000000F /* pcre_exec.c in Sources */ = {isa = PBXBuildFile; fileRef = 6F91AAB16F91BE6100000010 /* pcre_exec.c */; };
		6F91AAB16F91BE6100000011 /* pcre_globals.c in Sources */ = {isa = PBXBuildFile; fileRef = 6F91AAB16F91BE6100000012 /* pcre_globals.c */; };
		6F91AAB16F91BE6100000013 /* pcre_newline.c in Sources */ = {isa = PBXBuildFile; fileRef = 6F91AAB16F91BE6100000014 /* pcre_newline.c */; };
		6F91AAB16F91BE6100000015 /* pcre_ord2utf8.c in Sources */ = {isa = PBXBuildFile; fileRef = 6F91AAB16F91BE6100000016 /* pcre_ord2utf8.c */; };
		6F91AAB16F91BE6100000017 /* pcre_tables.c in Sources */ = {isa = PBXBuildFile; fileRef = 6F91AAB16F91BE6100000018 /* pcre_tables.c */; };
		6F91AAB16F91BE6100000019 /* pcre_try_flipped.c in Sources */ = {isa = PBXBuildFile; fileRef = 6F91AAB16F91BE610000001A /* pcre_try_flipped.c */; };
		6F91AAB16F91BE610000001B /* pcre_ucp_searchfuncs.c in Sources */ = {isa = PBXBuildFile; fileRef = 6F91AAB16F91BE610000001C /* pcre_ucp_searchfuncs.c */; };
		6F91AAB16F91BE610000001D /* pcre_valid_utf8.c in Sources */ = {isa = PBXBuildFile; fileRef = 6F91AAB16F91BE610000001E /* pcre_valid_utf8.c */; };
		6F91AAB16F91BE610000001F /* pcre_xclass.c in Sources */ = {isa = PBXBuildFile; fileRef = 6F91AAB16F91BE6100000020 /* pcre_xclass.c */; };
/* End PBXBuildFile section */

/* Begin PBXContainerItemProxy section */
		6F91AAB16F91BE6100000021 /* PBXContainerItemProxy Prep from libpcre */ = {
			isa = PBXContainerItemProxy;
			containerPortal = 6F91AAB16F91BE6100000001 /* Project object */;
			proxyType = 1;
			remoteGlobalIDString = 6F91AAB16F91BE6100000009;
			remoteInfo = Prep;
		};
		6F91AAB16F91BE6100000022 /* PBXContainerItemProxy Prep from All */ = {
			isa = PBXContainerItemProxy;
			containerPortal = 6F91AAB16F91BE6100000001 /* Project object */;
			proxyType = 1;
			remoteGlobalIDString = 6F91AAB16F91BE6100000009;
			remoteInfo = Prep;
		};
		6F91AAB16F91BE6100000023 /* PBXContainerItemProxy libpcre from All */ = {
			isa = PBXContainerItemProxy;
			containerPortal = 6F91AAB16F91BE6100000001 /* Project object */;
			proxyType = 1;
			remoteGlobalIDString = 6F91AAB16F91BE6100000024;
			remoteInfo = libpcre;
		};
/* End PBXContainerItemProxy section */

/* Begin PBXFileReference section */
		6F91AAB16F91BE610000000C /* pcre_chartables.c */ = {isa = PBXFileReference; fileEncoding = 4; lastKnownFileType = sourcecode.c.c; name = pcre_chartables.c; path = src/pcre_chartables.c; sourceTree = "<group>"; };
		6F91AAB16F91BE6100000025 /* bit.h */ = {isa = PBXFileReference; fileEncoding = 4; lastKnownFileType = sourcecode.c.h; name = bit.h; path = macosx-x64-static/inc/bit.h; sourceTree = "<group>"; };
		6F91AAB16F91BE6100000026 /* config.h */ = {isa = PBXFileReference; fileEncoding = 4; lastKnownFileType = sourcecode.c.h; name = config.h; path = macosx-x64-static/inc/config.h; sourceTree = "<group>"; };
		6F91AAB16F91BE6100000027 /* pcre_internal.h */ = {isa = PBXFileReference; fileEncoding = 4; lastKnownFileType = sourcecode.c.h; name = pcre_internal.h; path = macosx-x64-static/inc/pcre_internal.h; sourceTree = "<group>"; };
		6F91AAB16F91BE6100000028 /* pcre.h */ = {isa = PBXFileReference; fileEncoding = 4; lastKnownFileType = sourcecode.c.h; name = pcre.h; path = macosx-x64-static/inc/pcre.h; sourceTree = "<group>"; };
		6F91AAB16F91BE6100000029 /* ucp.h */ = {isa = PBXFileReference; fileEncoding = 4; lastKnownFileType = sourcecode.c.h; name = ucp.h; path = macosx-x64-static/inc/ucp.h; sourceTree = "<group>"; };
		6F91AAB16F91BE610000000E /* pcre_compile.c */ = {isa = PBXFileReference; fileEncoding = 4; lastKnownFileType = sourcecode.c.c; name = pcre_compile.c; path = src/pcre_compile.c; sourceTree = "<group>"; };
		6F91AAB16F91BE6100000010 /* pcre_exec.c */ = {isa = PBXFileReference; fileEncoding = 4; lastKnownFileType = sourcecode.c.c; name = pcre_exec.c; path = src/pcre_exec.c; sourceTree = "<group>"; };
		6F91AAB16F91BE6100000012 /* pcre_globals.c */ = {isa = PBXFileReference; fileEncoding = 4; lastKnownFileType = sourcecode.c.c; name = pcre_globals.c; path = src/pcre_globals.c; sourceTree = "<group>"; };
		6F91AAB16F91BE6100000014 /* pcre_newline.c */ = {isa = PBXFileReference; fileEncoding = 4; lastKnownFileType = sourcecode.c.c; name = pcre_newline.c; path = src/pcre_newline.c; sourceTree = "<group>"; };
		6F91AAB16F91BE6100000016 /* pcre_ord2utf8.c */ = {isa = PBXFileReference; fileEncoding = 4; lastKnownFileType = sourcecode.c.c; name = pcre_ord2utf8.c; path = src/pcre_ord2utf8.c; sourceTree = "<group>"; };
		6F91AAB16F91BE6100000018 /* pcre_tables.c */ = {isa = PBXFileReference; fileEncoding = 4; lastKnownFileType = sourcecode.c.c; name = pcre_tables.c; path = src/pcre_tables.c; sourceTree = "<group>"; };
		6F91AAB16F91BE610000001A /* pcre_try_flipped.c */ = {isa = PBXFileReference; fileEncoding = 4; lastKnownFileType = sourcecode.c.c; name = pcre_try_flipped.c; path = src/pcre_try_flipped.c; sourceTree = "<group>"; };
		6F91AAB16F91BE610000001C /* pcre_ucp_searchfuncs.c */ = {isa = PBXFileReference; fileEncoding = 4; lastKnownFileType = sourcecode.c.c; name = pcre_ucp_searchfuncs.c; path = src/pcre_ucp_searchfuncs.c; sourceTree = "<group>"; };
		6F91AAB16F91BE610000001E /* pcre_valid_utf8.c */ = {isa = PBXFileReference; fileEncoding = 4; lastKnownFileType = sourcecode.c.c; name = pcre_valid_utf8.c; path = src/pcre_valid_utf8.c; sourceTree = "<group>"; };
		6F91AAB16F91BE6100000020 /* pcre_xclass.c */ = {isa = PBXFileReference; fileEncoding = 4; lastKnownFileType = sourcecode.c.c; name = pcre_xclass.c; path = src/pcre_xclass.c; sourceTree = "<group>"; };
		6F91AAB16F91BE610000002A /* libpcre */ = {isa = PBXFileReference; explicitFileType = "compiled.mach-o.dylib"; includeInIndex = 0; path = libpcre.a; sourceTree = BUILT_PRODUCTS_DIR; };
/* End PBXFileReference section */

/* Begin PBXFrameworksBuildPhase section */
		6F91AAB16F91BE610000002B /* Frameworks and Libraries for libpcre */ = {
            isa = PBXFrameworksBuildPhase;
            buildActionMask = 2147483647;
            files = (
				
            );
            runOnlyForDeploymentPostprocessing = 0;
        };
/* End PBXFrameworksBuildPhase section */

/* Begin PBXGroup section */
		6F91AAB16F91BE610000002C /* Top Group */ = {
            isa = PBXGroup;
            children = (
				6F91AAB16F91BE610000002D /* libpcre */,
				6F91AAB16F91BE610000002E /* Products */,
			);
            sourceTree = "<group>";
        };
		6F91AAB16F91BE610000002D /* libpcre */ = {
            isa = PBXGroup;
            children = (
				6F91AAB16F91BE6100000025 /* bit.h */,
				6F91AAB16F91BE6100000026 /* config.h */,
				6F91AAB16F91BE6100000027 /* pcre_internal.h */,
				6F91AAB16F91BE6100000028 /* pcre.h */,
				6F91AAB16F91BE6100000029 /* ucp.h */,
				6F91AAB16F91BE610000000C /* pcre_chartables.c */,
				6F91AAB16F91BE610000000E /* pcre_compile.c */,
				6F91AAB16F91BE6100000010 /* pcre_exec.c */,
				6F91AAB16F91BE6100000012 /* pcre_globals.c */,
				6F91AAB16F91BE6100000014 /* pcre_newline.c */,
				6F91AAB16F91BE6100000016 /* pcre_ord2utf8.c */,
				6F91AAB16F91BE6100000018 /* pcre_tables.c */,
				6F91AAB16F91BE610000001A /* pcre_try_flipped.c */,
				6F91AAB16F91BE610000001C /* pcre_ucp_searchfuncs.c */,
				6F91AAB16F91BE610000001E /* pcre_valid_utf8.c */,
				6F91AAB16F91BE6100000020 /* pcre_xclass.c */,
			);
            name = "libpcre";
            path = ..;
            sourceTree = SOURCE_ROOT;
        };
		6F91AAB16F91BE610000002E /* Products */ = {
            isa = PBXGroup;
            children = (
				6F91AAB16F91BE610000002A /* libpcre */,
			);
            name = "Products";
            path = ..;
            sourceTree = SOURCE_ROOT;
        };
/* End PBXGroup section */

/* Begin PBXNativeTarget section */
		6F91AAB16F91BE6100000024 /* libpcre */ = {
			isa = PBXNativeTarget;
			buildConfigurationList = 6F91AAB16F91BE6100000030 /* Build configuration list for PBXNativeTarget "libpcre" */;
			buildPhases = (
				6F91AAB16F91BE610000002F /* Sources */,
				6F91AAB16F91BE610000002B /* Frameworks */,
			);
			buildRules = (
			);
			dependencies = (
				6F91AAB16F91BE6100000031 /* Prep */,				
			);
			name = libpcre;
			productName = pcre;
			productReference = 6F91AAB16F91BE610000002A /* libpcre */;
			productType = "com.apple.product-type.library.dynamic";
		};
/* End PBXNativeTarget section */

/* Begin PBXShellScriptBuildPhase section */
		6F91AAB16F91BE610000000A /* ShellScript for Prep */ = {
			isa = PBXShellScriptBuildPhase;
			buildActionMask = 2147483647;
			files = (
			);
			inputPaths = (

			);
			outputPaths = (

			);
			runOnlyForDeploymentPostprocessing = 0;
			shellPath = /bin/bash;
			shellScript = "PATH=$PATH:/usr/local/bin
[ ! -x ${INC_DIR} ] && mkdir -p ${INC_DIR} ${OBJ_DIR} ${LIB_DIR} ${BIN_DIR}
[ ! -f ${INC_DIR}/bit.h ] && cp pcre-macosx-static-bit.h ${INC_DIR}/bit.h
[ ! -f ${INC_DIR}/bitos.h ] && cp ${SRC_DIR}/src/bitos.h ${INC_DIR}/bitos.h
if ! diff ${INC_DIR}/bit.h pcre-macosx-static-bit.h >/dev/null ; then
cp pcre-macosx-static-bit.h ${INC_DIR}/bit.h
fi
if [ ../src/config.h -nt ${OUT_DIR}/inc/config.h ] ; then
cp ../src/config.h ${OUT_DIR}/inc/config.h
fi
if [ ../src/pcre.h -nt ${OUT_DIR}/inc/pcre.h ] ; then
cp ../src/pcre.h ${OUT_DIR}/inc/pcre.h
fi
if [ ../src/pcre_internal.h -nt ${OUT_DIR}/inc/pcre_internal.h ] ; then
cp ../src/pcre_internal.h ${OUT_DIR}/inc/pcre_internal.h
fi
if [ ../src/ucp.h -nt ${OUT_DIR}/inc/ucp.h ] ; then
cp ../src/ucp.h ${OUT_DIR}/inc/ucp.h
fi
if [ ../src/ucpinternal.h -nt ${OUT_DIR}/inc/ucpinternal.h ] ; then
cp ../src/ucpinternal.h ${OUT_DIR}/inc/ucpinternal.h
fi
if [ ../src/ucptable.h -nt ${OUT_DIR}/inc/ucptable.h ] ; then
cp ../src/ucptable.h ${OUT_DIR}/inc/ucptable.h
fi";
		};
/* End PBXShellScriptBuildPhase section */

/* Begin PBXProject section */
		6F91AAB16F91BE6100000001 /* Project object */ = {
			isa = PBXProject;
			attributes = {
				LastUpgradeCheck = 0430;
				ORGANIZATIONNAME = "embedthis";
			};
			buildConfigurationList = 6F91AAB16F91BE6100000002 /* Build configuration list for PBXProject "pcre" */;
			compatibilityVersion = "Xcode 3.2";
			developmentRegion = English;
			hasScannedForEncodings = 0;
			knownRegions = (
				en,
			);
			mainGroup = 6F91AAB16F91BE610000002C;
			productRefGroup = 6F91AAB16F91BE610000002E /* Products */;
			projectDirPath = "";
			projectRoot = "";
			targets = (
				6F91AAB16F91BE6100000006 /* All */,
				6F91AAB16F91BE6100000009 /* Prep */,
				6F91AAB16F91BE6100000024 /* libpcre */,
			);
		};
/* End PBXProject section */

/* Begin PBXSourcesBuildPhase section */
		6F91AAB16F91BE610000002F /* libpcre Sources */ = {
			isa = PBXSourcesBuildPhase;
			buildActionMask = 2147483647;
			files = (
				6F91AAB16F91BE610000000B /* pcre_chartables.c in Sources */,
				6F91AAB16F91BE610000000D /* pcre_compile.c in Sources */,
				6F91AAB16F91BE610000000F /* pcre_exec.c in Sources */,
				6F91AAB16F91BE6100000011 /* pcre_globals.c in Sources */,
				6F91AAB16F91BE6100000013 /* pcre_newline.c in Sources */,
				6F91AAB16F91BE6100000015 /* pcre_ord2utf8.c in Sources */,
				6F91AAB16F91BE6100000017 /* pcre_tables.c in Sources */,
				6F91AAB16F91BE6100000019 /* pcre_try_flipped.c in Sources */,
				6F91AAB16F91BE610000001B /* pcre_ucp_searchfuncs.c in Sources */,
				6F91AAB16F91BE610000001D /* pcre_valid_utf8.c in Sources */,
				6F91AAB16F91BE610000001F /* pcre_xclass.c in Sources */,
			);
			runOnlyForDeploymentPostprocessing = 0;
		};
/* End PBXSourcesBuildPhase section */

/* Begin PBXTargetDependency section */
		6F91AAB16F91BE6100000031 /* PBXTargetDependency libpcre depends on Prep */ = {
			isa = PBXTargetDependency;
			target = 6F91AAB16F91BE6100000009 /* Prep */;
			targetProxy = 6F91AAB16F91BE6100000021 /* PBXContainerItemProxy */;
		};
		6F91AAB16F91BE6100000032 /* PBXTargetDependency All depends on Prep */ = {
			isa = PBXTargetDependency;
			target = 6F91AAB16F91BE6100000009 /* Prep */;
			targetProxy = 6F91AAB16F91BE6100000022 /* PBXContainerItemProxy */;
		};
		6F91AAB16F91BE6100000007 /* PBXTargetDependency All depends on libpcre */ = {
			isa = PBXTargetDependency;
			target = 6F91AAB16F91BE6100000024 /* libpcre */;
			targetProxy = 6F91AAB16F91BE6100000023 /* PBXContainerItemProxy */;
		};
/* End PBXTargetDependency section */

/* Begin XCBuildConfiguration section */
		6F91AAB16F91BE6100000003 /* Debug */ = {
			isa = XCBuildConfiguration;
			buildSettings = {

                /* Common Settings */
				ALWAYS_SEARCH_USER_PATHS = NO;
				ARCHS = "$(ARCHS_STANDARD_64_BIT)";
                CURRENT_PROJECT_VERSION = 1.0.1;
                DYLIB_COMPATIBILITY_VERSION = "$(CURRENT_PROJECT_VERSION)";
                DYLIB_CURRENT_VERSION = "$(CURRENT_PROJECT_VERSION)";
				GCC_C_LANGUAGE_STANDARD = gnu99;
				GCC_VERSION = com.apple.compilers.llvm.clang.1_0;
				GCC_WARN_ABOUT_RETURN_TYPE = YES;
                LD_DYLIB_INSTALL_NAME = "@rpath/$(EXECUTABLE_PATH)";
				MACOSX_DEPLOYMENT_TARGET = 10.7;
				SDKROOT = macosx;

                OUT_DIR = "../macosx-x64-static";
                BIN_DIR = "../macosx-x64-static/bin";
                LIB_DIR = "../macosx-x64-static/bin";
                INC_DIR = "../macosx-x64-static/inc";
                OBJ_DIR = "../macosx-x64-static/obj";
                SRC_DIR = "..";

                CONFIGURATION_TEMP_DIR = "$(OBJ_DIR)/tmp/$(CONFIGURATION)";
                CONFIGURATION_BUILD_DIR = "$(BIN_DIR)";
                INSTALL_PATH = "/usr/lib/pcre";
                DSTROOT = "/tmp/pcre.dst";
                OBJROOT = "$(OBJ_DIR)";
                SYMROOT = "$(BIN_DIR)";
				GCC_WARN_64_TO_32_BIT_CONVERSION = YES;
				GCC_WARN_64_TO_32_BIT_CONVERSION = YES;
				GCC_WARN_UNUSED_VARIABLE = NO;
				GCC_WARN_UNUSED_FUNCTION = NO;
				GCC_WARN_UNUSED_LABEL = NO;
				GCC_WARN_64_TO_32_BIT_CONVERSION = YES;
				GCC_WARN_64_TO_32_BIT_CONVERSION = YES;
				GCC_WARN_UNUSED_VARIABLE = NO;
				GCC_WARN_UNUSED_FUNCTION = NO;
				GCC_WARN_UNUSED_LABEL = NO;

                /* Debug Settings */
				COPY_PHASE_STRIP = NO;
				GCC_OPTIMIZATION_LEVEL = 0;
				GCC_SYMBOLS_PRIVATE_EXTERN = NO;
				HEADER_SEARCH_PATHS = (
					"../macosx-x64-static/inc",
					"$(inherited)"
				);
				GCC_PREPROCESSOR_DEFINITIONS = (
					"BIT_DEBUG",
					"$(inherited)"
				);
				LIBRARY_SEARCH_PATHS = (
					"../macosx-x64-static/bin",
					"$(inherited)"
				);
				OTHER_LDFLAGS = (
					"-Wl,-rpath,@executable_path/",
					"-Wl,-rpath,@loader_path/",
					"-ldl",
					"-lpthread",
					"-lm",
					"$(inherited)"
				);

			};
			name = Debug;
		};
		6F91AAB16F91BE6100000004 /* Release */ = {
			isa = XCBuildConfiguration;
			buildSettings = {

                /* Common Settings */
				ALWAYS_SEARCH_USER_PATHS = NO;
				ARCHS = "$(ARCHS_STANDARD_64_BIT)";
                CURRENT_PROJECT_VERSION = 1.0.1;
                DYLIB_COMPATIBILITY_VERSION = "$(CURRENT_PROJECT_VERSION)";
                DYLIB_CURRENT_VERSION = "$(CURRENT_PROJECT_VERSION)";
				GCC_C_LANGUAGE_STANDARD = gnu99;
				GCC_VERSION = com.apple.compilers.llvm.clang.1_0;
				GCC_WARN_ABOUT_RETURN_TYPE = YES;
                LD_DYLIB_INSTALL_NAME = "@rpath/$(EXECUTABLE_PATH)";
				MACOSX_DEPLOYMENT_TARGET = 10.7;
				SDKROOT = macosx;

                OUT_DIR = "../macosx-x64-static";
                BIN_DIR = "../macosx-x64-static/bin";
                LIB_DIR = "../macosx-x64-static/bin";
                INC_DIR = "../macosx-x64-static/inc";
                OBJ_DIR = "../macosx-x64-static/obj";
                SRC_DIR = "..";

                CONFIGURATION_TEMP_DIR = "$(OBJ_DIR)/tmp/$(CONFIGURATION)";
                CONFIGURATION_BUILD_DIR = "$(BIN_DIR)";
                INSTALL_PATH = "/usr/lib/pcre";
                DSTROOT = "/tmp/pcre.dst";
                OBJROOT = "$(OBJ_DIR)";
                SYMROOT = "$(BIN_DIR)";
				GCC_WARN_64_TO_32_BIT_CONVERSION = YES;
				GCC_WARN_64_TO_32_BIT_CONVERSION = YES;
				GCC_WARN_UNUSED_VARIABLE = NO;
				GCC_WARN_UNUSED_FUNCTION = NO;
				GCC_WARN_UNUSED_LABEL = NO;
				GCC_WARN_64_TO_32_BIT_CONVERSION = YES;
				GCC_WARN_64_TO_32_BIT_CONVERSION = YES;
				GCC_WARN_UNUSED_VARIABLE = NO;
				GCC_WARN_UNUSED_FUNCTION = NO;
				GCC_WARN_UNUSED_LABEL = NO;

                /* Release Settings */
				COPY_PHASE_STRIP = YES;
				DEBUG_INFORMATION_FORMAT = "dwarf-with-dsym";
				GCC_OPTIMIZATION_LEVEL = s;
                GCC_WARN_UNINITIALIZED_AUTOS = NO;
				HEADER_SEARCH_PATHS = (
					"../macosx-x64-static/inc",
					"$(inherited)"
				);

				LIBRARY_SEARCH_PATHS = (
					"../macosx-x64-static/bin",
					"$(inherited)"
				);
				OTHER_LDFLAGS = (
					"-Wl,-rpath,@executable_path/",
					"-Wl,-rpath,@loader_path/",
					"-ldl",
					"-lpthread",
					"-lm",
					"$(inherited)"
				);

			};
			name = Release;
		};
		6F91AAB16F91BE6100000033 /* Debug */ = {
			isa = XCBuildConfiguration;
			buildSettings = {
				PRODUCT_NAME = libpcre;
				EXECUTABLE_EXTENSION = a;

				GCC_PREPROCESSOR_DEFINITIONS = (
					"BIT_DEBUG",
					"$(inherited)"
				);
				OTHER_LDFLAGS = ();

				MACH_O_TYPE = staticlib;

			};
			name = Debug;
		};
		6F91AAB16F91BE6100000034 /* Release */ = {
			isa = XCBuildConfiguration;
			buildSettings = {
				PRODUCT_NAME = libpcre;
				EXECUTABLE_EXTENSION = a;

				OTHER_LDFLAGS = ();

				MACH_O_TYPE = staticlib;

			};
			name = Release;
		};
		6F91AAB16F91BE6100000035 /* Debug */ = {
			isa = XCBuildConfiguration;
			buildSettings = {
				PRODUCT_NAME = All;

				GCC_PREPROCESSOR_DEFINITIONS = (
					"BIT_DEBUG",
					"$(inherited)"
				);
			};
			name = Debug;
		};
		6F91AAB16F91BE6100000036 /* Release */ = {
			isa = XCBuildConfiguration;
			buildSettings = {
				PRODUCT_NAME = All;


			};
			name = Release;
		};
		6F91AAB16F91BE6100000037 /* Debug */ = {
			isa = XCBuildConfiguration;
			buildSettings = {
				PRODUCT_NAME = Prep;

				GCC_PREPROCESSOR_DEFINITIONS = (
					"BIT_DEBUG",
					"$(inherited)"
				);
			};
			name = Debug;
		};
		6F91AAB16F91BE6100000038 /* Release */ = {
			isa = XCBuildConfiguration;
			buildSettings = {
				PRODUCT_NAME = Prep;


			};
			name = Release;
		};
/* End XCBuildConfiguration section */

/* Begin XCConfigurationList section */
		6F91AAB16F91BE6100000002 /* Build configuration list for PBXProject "pcre" */ = {
			isa = XCConfigurationList;
			buildConfigurations = (
				6F91AAB16F91BE6100000003 /* Debug */,
				6F91AAB16F91BE6100000004 /* Release */,
			);
			defaultConfigurationIsVisible = 0;
			defaultConfigurationName = Release;
		};
		6F91AAB16F91BE6100000030 /* Build configuration list for PBXNativeTarget "libpcre" */ = {
			isa = XCConfigurationList;
			buildConfigurations = (
				6F91AAB16F91BE6100000033 /* Debug */,
				6F91AAB16F91BE6100000034 /* Release */,
			);
			defaultConfigurationIsVisible = 0;
			defaultConfigurationName = Release;
		};
		6F91AAB16F91BE6100000005 /* Build configuration list for PBXNativeTarget "All" */ = {
			isa = XCConfigurationList;
			buildConfigurations = (
				6F91AAB16F91BE6100000035 /* Debug */,
				6F91AAB16F91BE6100000036 /* Release */,
			);
			defaultConfigurationIsVisible = 0;
			defaultConfigurationName = Release;
		};
		6F91AAB16F91BE6100000008 /* Build configuration list for PBXNativeTarget "Prep" */ = {
			isa = XCConfigurationList;
			buildConfigurations = (
				6F91AAB16F91BE6100000037 /* Debug */,
				6F91AAB16F91BE6100000038 /* Release */,
			);
			defaultConfigurationIsVisible = 0;
			defaultConfigurationName = Release;
		};
/* End XCConfigurationList section */
	};
	rootObject = 6F91AAB16F91BE6100000001 /* Project object */;
}
